
Microsoft Visual Studio Solution File, Format Version 12.00
# Visual Studio 15
VisualStudioVersion = 15.0.26730.12
MinimumVisualStudioVersion = 10.0.40219.1
Project("{FAE04EC0-301F-11D3-BF4B-00C04F79EFBC}") = "PeopleService", "PeopleService\PeopleService.csproj", "{9A57EAA9-AA55-49E0-A880-C783956AEA51}"
EndProject
Project("{E53339B2-1760-4266-BCC7-CA923CBCF16C}") = "docker-compose", "docker-compose.dcproj", "{2E2033B9-BF82-4CF6-BF4F-6FAE95AF5CD5}"
EndProject
Global
	GlobalSection(SolutionConfigurationPlatforms) = preSolution
		Debug|Any CPU = Debug|Any CPU
		Release|Any CPU = Release|Any CPU
	EndGlobalSection
	GlobalSection(ProjectConfigurationPlatforms) = postSolution
		{9A57EAA9-AA55-49E0-A880-C783956AEA51}.Debug|Any CPU.ActiveCfg = Debug|Any CPU
		{9A57EAA9-AA55-49E0-A880-C783956AEA51}.Debug|Any CPU.Build.0 = Debug|Any CPU
		{9A57EAA9-AA55-49E0-A880-C783956AEA51}.Release|Any CPU.ActiveCfg = Release|Any CPU
		{9A57EAA9-AA55-49E0-A880-C783956AEA51}.Release|Any CPU.Build.0 = Release|Any CPU
		{2E2033B9-BF82-4CF6-BF4F-6FAE95AF5CD5}.Debug|Any CPU.ActiveCfg = Debug|Any CPU
		{2E2033B9-BF82-4CF6-BF4F-6FAE95AF5CD5}.Debug|Any CPU.Build.0 = Debug|Any CPU
		{2E2033B9-BF82-4CF6-BF4F-6FAE95AF5CD5}.Release|Any CPU.ActiveCfg = Release|Any CPU
		{2E2033B9-BF82-4CF6-BF4F-6FAE95AF5CD5}.Release|Any CPU.Build.0 = Release|Any CPU
	EndGlobalSection
	GlobalSection(SolutionProperties) = preSolution
		HideSolutionNode = FALSE
	EndGlobalSection
	GlobalSection(ExtensibilityGlobals) = postSolution
		SolutionGuid = {B3016031-526E-48BD-84A1-425FAF91C0F6}
	EndGlobalSection
EndGlobal
